
Microsoft Visual Studio Solution File, Format Version 12.00
# Visual Studio Version 16
VisualStudioVersion = 16.0.31112.23
MinimumVisualStudioVersion = 10.0.40219.1
Project("{8BC9CEB8-8B4A-11D0-8D11-00A0C91BC942}") = "Module1", "Module1\Module1.vcxproj", "{2564BC2C-0A64-434A-96E4-BC52F0D11811}"
EndProject
Global
	GlobalSection(SolutionConfigurationPlatforms) = preSolution
		Debug|x64 = Debug|x64
		Debug|x86 = Debug|x86
		Release|x64 = Release|x64
		Release|x86 = Release|x86
	EndGlobalSection
	GlobalSection(ProjectConfigurationPlatforms) = postSolution
		{2564BC2C-0A64-434A-96E4-BC52F0D11811}.Debug|x64.ActiveCfg = Debug|x64
		{2564BC2C-0A64-434A-96E4-BC52F0D11811}.Debug|x64.Build.0 = Debug|x64
		{2564BC2C-0A64-434A-96E4-BC52F0D11811}.Debug|x86.ActiveCfg = Debug|Win32
		{2564BC2C-0A64-434A-96E4-BC52F0D11811}.Debug|x86.Build.0 = Debug|Win32
		{2564BC2C-0A64-434A-96E4-BC52F0D11811}.Release|x64.ActiveCfg = Release|x64
		{2564BC2C-0A64-434A-96E4-BC52F0D11811}.Release|x64.Build.0 = Release|x64
		{2564BC2C-0A64-434A-96E4-BC52F0D11811}.Release|x86.ActiveCfg = Release|Win32
		{2564BC2C-0A64-434A-96E4-BC52F0D11811}.Release|x86.Build.0 = Release|Win32
	EndGlobalSection
	GlobalSection(SolutionProperties) = preSolution
		HideSolutionNode = FALSE
	EndGlobalSection
	GlobalSection(ExtensibilityGlobals) = postSolution
		SolutionGuid = {4D4B1FC6-7DD1-4C87-9CAF-619B81C01871}
	EndGlobalSection
EndGlobal
